lockfileVersion: '9.0'

settings:
  autoInstallPeers: true
  excludeLinksFromLockfile: false

importers:

  .:
    dependencies:
      node-osc:
        specifier: ^11.6.0
        version: 11.6.0
      webmidi:
        specifier: ^3.1.16
        version: 3.1.16

packages:

  '@babel/runtime@7.29.7':
    resolution: {integrity: sha512-Nq8OhGWiZIZGV6hLHoyAKLLcJihP/xFeBMGJoUrxTX2psI8dCifzLhZISFb+VWS3wFMRDmCGw5R+dOySCqPLhw==}
    engines: {node: '>=6.9.0'}

  djipevents@2.0.7:
    resolution: {integrity: sha512-KNFYaU85imxOCKOUsIR70Iz9E19r96/X7LSH+u0tSoZdpWcBdzoqtTsU+wuLhc6GMpSFob+KInkZAbfKi01Bjg==}

  jazz-midi@1.7.9:
    resolution: {integrity: sha512-c8c4BBgwxdsIr1iVm53nadCrtH7BUlnX3V95ciK/gbvXN/ndE5+POskBalXgqlc/r9p2XUbdLTrgrC6fou5p9w==}
    engines: {node: '>=10.0.0'}

  jzz@1.9.6:
    resolution: {integrity: sha512-J7ENLhXwfm2BNDKRUrL8eKtPhUS/CtMBpiafxQHDBcOWSocLhearDKEdh+ylnZFcr5OXWTed0gj6l/txeQA9vg==}

  node-osc@11.6.0:
    resolution: {integrity: sha512-LIMMYsYPlHi18SLiMnvZqwHAPXkerr3rUsOLaWYjBKPcCyhvxAjNbt4MeSwgvUG0+9zSgPs+RQCjv1KiOvEJUQ==}
    engines: {node: ^20.9.0 || ^22.11.0 || >=24.0.0}

  webmidi@3.1.16:
    resolution: {integrity: sha512-I6NnCfBUXNbV8q6EU+DPtr1u1EgjzDrFKHQQS2OgaHzcuQRFhRHgogfKpKSpxD0IgXhZHz8+k/OpGfZoWbvWAQ==}
    engines: {node: '>=8.5'}

snapshots:

  '@babel/runtime@7.29.7': {}

  djipevents@2.0.7:
    dependencies:
      '@babel/runtime': 7.29.7

  jazz-midi@1.7.9:
    optional: true

  jzz@1.9.6:
    dependencies:
      jazz-midi: 1.7.9
    optional: true

  node-osc@11.6.0: {}

  webmidi@3.1.16:
    dependencies:
      djipevents: 2.0.7
    optionalDependencies:
      jzz: 1.9.6
